
Microsoft Visual Studio Solution File, Format Version 12.00
# Visual Studio Version 17
VisualStudioVersion = 17.6.33815.320
MinimumVisualStudioVersion = 10.0.40219.1
Project("{FAE04EC0-301F-11D3-BF4B-00C04F79EFBC}") = "Library1", "Library1\Library1.csproj", "{052758C5-C6F4-4163-A4C3-664896A66798}"
EndProject
Global
	GlobalSection(SolutionConfigurationPlatforms) = preSolution
		Debug|Any CPU = Debug|Any CPU
		Release|Any CPU = Release|Any CPU
	EndGlobalSection
	GlobalSection(ProjectConfigurationPlatforms) = postSolution
		{052758C5-C6F4-4163-A4C3-664896A66798}.Debug|Any CPU.ActiveCfg = Debug|Any CPU
		{052758C5-C6F4-4163-A4C3-664896A66798}.Debug|Any CPU.Build.0 = Debug|Any CPU
		{052758C5-C6F4-4163-A4C3-664896A66798}.Release|Any CPU.ActiveCfg = Release|Any CPU
		{052758C5-C6F4-4163-A4C3-664896A66798}.Release|Any CPU.Build.0 = Release|Any CPU
	EndGlobalSection
	GlobalSection(SolutionProperties) = preSolution
		HideSolutionNode = FALSE
	EndGlobalSection
	GlobalSection(ExtensibilityGlobals) = postSolution
		SolutionGuid = {605D8502-7C7F-416E-A177-7E234E0AD043}
	EndGlobalSection
EndGlobal
